
Microsoft Visual Studio Solution File, Format Version 12.00
# Visual Studio Version 17
VisualStudioVersion = 17.8.34330.188
MinimumVisualStudioVersion = 10.0.40219.1
Project("{FAE04EC0-301F-11D3-BF4B-00C04F79EFBC}") = "Presentation", "Presentation\Presentation.csproj", "{C71B9A92-2A1C-480C-8DC2-CE8EFE8DE105}"
EndProject
Project("{FAE04EC0-301F-11D3-BF4B-00C04F79EFBC}") = "BLL", "BLL\BLL.csproj", "{E80CD092-A979-4E8C-8201-ED2C1A6390EB}"
EndProject
Project("{FAE04EC0-301F-11D3-BF4B-00C04F79EFBC}") = "DAL", "DAL\DAL.csproj", "{90425E46-7512-44B5-BAB4-4E0307AE27FE}"
EndProject
Global
	GlobalSection(SolutionConfigurationPlatforms) = preSolution
		Debug|Any CPU = Debug|Any CPU
		Release|Any CPU = Release|Any CPU
	EndGlobalSection
	GlobalSection(ProjectConfigurationPlatforms) = postSolution
		{C71B9A92-2A1C-480C-8DC2-CE8EFE8DE105}.Debug|Any CPU.ActiveCfg = Debug|Any CPU
		{C71B9A92-2A1C-480C-8DC2-CE8EFE8DE105}.Debug|Any CPU.Build.0 = Debug|Any CPU
		{C71B9A92-2A1C-480C-8DC2-CE8EFE8DE105}.Release|Any CPU.ActiveCfg = Release|Any CPU
		{C71B9A92-2A1C-480C-8DC2-CE8EFE8DE105}.Release|Any CPU.Build.0 = Release|Any CPU
		{E80CD092-A979-4E8C-8201-ED2C1A6390EB}.Debug|Any CPU.ActiveCfg = Debug|Any CPU
		{E80CD092-A979-4E8C-8201-ED2C1A6390EB}.Debug|Any CPU.Build.0 = Debug|Any CPU
		{E80CD092-A979-4E8C-8201-ED2C1A6390EB}.Release|Any CPU.ActiveCfg = Release|Any CPU
		{E80CD092-A979-4E8C-8201-ED2C1A6390EB}.Release|Any CPU.Build.0 = Release|Any CPU
		{90425E46-7512-44B5-BAB4-4E0307AE27FE}.Debug|Any CPU.ActiveCfg = Debug|Any CPU
		{90425E46-7512-44B5-BAB4-4E0307AE27FE}.Debug|Any CPU.Build.0 = Debug|Any CPU
		{90425E46-7512-44B5-BAB4-4E0307AE27FE}.Release|Any CPU.ActiveCfg = Release|Any CPU
		{90425E46-7512-44B5-BAB4-4E0307AE27FE}.Release|Any CPU.Build.0 = Release|Any CPU
	EndGlobalSection
	GlobalSection(SolutionProperties) = preSolution
		HideSolutionNode = FALSE
	EndGlobalSection
	GlobalSection(ExtensibilityGlobals) = postSolution
		SolutionGuid = {5C3D3B7A-C41A-4ABB-A571-8288569008EB}
	EndGlobalSection
EndGlobal
